
Microsoft Visual Studio Solution File, Format Version 12.00
# Visual Studio Version 17
VisualStudioVersion = 17.3.32922.545
MinimumVisualStudioVersion = 10.0.40219.1
Project("{FAE04EC0-301F-11D3-BF4B-00C04F79EFBC}") = "Bankovni_sustav_DZ1", "Bankovni_sustav_DZ1\Bankovni_sustav_DZ1.csproj", "{5981243B-6F28-4015-8273-67C1957D74D3}"
EndProject
Global
	GlobalSection(SolutionConfigurationPlatforms) = preSolution
		Debug|Any CPU = Debug|Any CPU
		Release|Any CPU = Release|Any CPU
	EndGlobalSection
	GlobalSection(ProjectConfigurationPlatforms) = postSolution
		{5981243B-6F28-4015-8273-67C1957D74D3}.Debug|Any CPU.ActiveCfg = Debug|Any CPU
		{5981243B-6F28-4015-8273-67C1957D74D3}.Debug|Any CPU.Build.0 = Debug|Any CPU
		{5981243B-6F28-4015-8273-67C1957D74D3}.Release|Any CPU.ActiveCfg = Release|Any CPU
		{5981243B-6F28-4015-8273-67C1957D74D3}.Release|Any CPU.Build.0 = Release|Any CPU
	EndGlobalSection
	GlobalSection(SolutionProperties) = preSolution
		HideSolutionNode = FALSE
	EndGlobalSection
	GlobalSection(ExtensibilityGlobals) = postSolution
		SolutionGuid = {A940B86C-D872-4669-82C7-A9E47C068DD3}
	EndGlobalSection
EndGlobal
